
Microsoft Visual Studio Solution File, Format Version 12.00
# Visual Studio for Mac
Project("{FAE04EC0-301F-11D3-BF4B-00C04F79EFBC}") = "Deep_FREEZE_", "Deep_FREEZE_.csproj", "{DF65C3E2-2BA8-7243-3E95-F75B165CF881}"
EndProject
Project("{FAE04EC0-301F-11D3-BF4B-00C04F79EFBC}") = "Deep_FREEZE_.Plugins", "Deep_FREEZE_.Plugins.csproj", "{03749804-7EBF-2486-A8F5-91313F870B19}"
EndProject
Project("{FAE04EC0-301F-11D3-BF4B-00C04F79EFBC}") = "Deep_FREEZE_.Editor.Plugins", "Deep_FREEZE_.Editor.Plugins.csproj", "{1C9CA562-AFDE-F57F-CB2E-3B7821BCF20A}"
EndProject
Project("{FAE04EC0-301F-11D3-BF4B-00C04F79EFBC}") = "Deep_FREEZE_.Editor", "Deep_FREEZE_.Editor.csproj", "{AC063FB9-F911-D182-C763-B33863F33062}"
EndProject
Global
	GlobalSection(SolutionConfigurationPlatforms) = preSolution
		Debug|Any CPU = Debug|Any CPU
		Release|Any CPU = Release|Any CPU
	EndGlobalSection
	GlobalSection(ProjectConfigurationPlatforms) = postSolution
		{DF65C3E2-2BA8-7243-3E95-F75B165CF881}.Debug|Any CPU.ActiveCfg = Debug|Any CPU
		{DF65C3E2-2BA8-7243-3E95-F75B165CF881}.Debug|Any CPU.Build.0 = Debug|Any CPU
		{DF65C3E2-2BA8-7243-3E95-F75B165CF881}.Release|Any CPU.ActiveCfg = Release|Any CPU
		{DF65C3E2-2BA8-7243-3E95-F75B165CF881}.Release|Any CPU.Build.0 = Release|Any CPU
		{03749804-7EBF-2486-A8F5-91313F870B19}.Debug|Any CPU.ActiveCfg = Debug|Any CPU
		{03749804-7EBF-2486-A8F5-91313F870B19}.Debug|Any CPU.Build.0 = Debug|Any CPU
		{03749804-7EBF-2486-A8F5-91313F870B19}.Release|Any CPU.ActiveCfg = Release|Any CPU
		{03749804-7EBF-2486-A8F5-91313F870B19}.Release|Any CPU.Build.0 = Release|Any CPU
		{1C9CA562-AFDE-F57F-CB2E-3B7821BCF20A}.Debug|Any CPU.ActiveCfg = Debug|Any CPU
		{1C9CA562-AFDE-F57F-CB2E-3B7821BCF20A}.Debug|Any CPU.Build.0 = Debug|Any CPU
		{1C9CA562-AFDE-F57F-CB2E-3B7821BCF20A}.Release|Any CPU.ActiveCfg = Release|Any CPU
		{1C9CA562-AFDE-F57F-CB2E-3B7821BCF20A}.Release|Any CPU.Build.0 = Release|Any CPU
		{AC063FB9-F911-D182-C763-B33863F33062}.Debug|Any CPU.ActiveCfg = Debug|Any CPU
		{AC063FB9-F911-D182-C763-B33863F33062}.Debug|Any CPU.Build.0 = Debug|Any CPU
		{AC063FB9-F911-D182-C763-B33863F33062}.Release|Any CPU.ActiveCfg = Release|Any CPU
		{AC063FB9-F911-D182-C763-B33863F33062}.Release|Any CPU.Build.0 = Release|Any CPU
	EndGlobalSection
	GlobalSection(SolutionProperties) = preSolution
		HideSolutionNode = FALSE
	EndGlobalSection
EndGlobal
